
Microsoft Visual Studio Solution File, Format Version 12.00
# Visual Studio Version 16
VisualStudioVersion = 16.0.31005.135
MinimumVisualStudioVersion = 10.0.40219.1
Project("{8BC9CEB8-8B4A-11D0-8D11-00A0C91BC942}") = "spendings_xml", "spendings_xml\spendings_xml.vcxproj", "{6A39FAAA-0775-4570-AF36-E5C639242CFB}"
EndProject
Global
	GlobalSection(SolutionConfigurationPlatforms) = preSolution
		Debug|x64 = Debug|x64
		Debug|x86 = Debug|x86
		Release|x64 = Release|x64
		Release|x86 = Release|x86
	EndGlobalSection
	GlobalSection(ProjectConfigurationPlatforms) = postSolution
		{6A39FAAA-0775-4570-AF36-E5C639242CFB}.Debug|x64.ActiveCfg = Debug|x64
		{6A39FAAA-0775-4570-AF36-E5C639242CFB}.Debug|x64.Build.0 = Debug|x64
		{6A39FAAA-0775-4570-AF36-E5C639242CFB}.Debug|x86.ActiveCfg = Debug|Win32
		{6A39FAAA-0775-4570-AF36-E5C639242CFB}.Debug|x86.Build.0 = Debug|Win32
		{6A39FAAA-0775-4570-AF36-E5C639242CFB}.Release|x64.ActiveCfg = Release|x64
		{6A39FAAA-0775-4570-AF36-E5C639242CFB}.Release|x64.Build.0 = Release|x64
		{6A39FAAA-0775-4570-AF36-E5C639242CFB}.Release|x86.ActiveCfg = Release|Win32
		{6A39FAAA-0775-4570-AF36-E5C639242CFB}.Release|x86.Build.0 = Release|Win32
	EndGlobalSection
	GlobalSection(SolutionProperties) = preSolution
		HideSolutionNode = FALSE
	EndGlobalSection
	GlobalSection(ExtensibilityGlobals) = postSolution
		SolutionGuid = {A9A1BDA6-BA70-4DE4-B3FE-A83D1A654EB0}
	EndGlobalSection
EndGlobal
